
Microsoft Visual Studio Solution File, Format Version 12.00
# Visual Studio Version 16
VisualStudioVersion = 16.0.29230.47
MinimumVisualStudioVersion = 10.0.40219.1
Project("{FAE04EC0-301F-11D3-BF4B-00C04F79EFBC}") = "TheaterClassLibrary", "TheaterClassLibrary\TheaterClassLibrary.csproj", "{34BD3A96-9C74-48F0-B904-88B135CB7881}"
EndProject
Project("{FAE04EC0-301F-11D3-BF4B-00C04F79EFBC}") = "UIForm", "UIForm\UIForm.csproj", "{BFE45665-7501-4BCE-9C4D-9B99C6695E58}"
EndProject
Project("{FAE04EC0-301F-11D3-BF4B-00C04F79EFBC}") = "TestConsole", "TestConsole\TestConsole.csproj", "{B2C60E7B-EBB3-4415-8FBA-13E1E0BD1058}"
EndProject
Global
	GlobalSection(SolutionConfigurationPlatforms) = preSolution
		Debug|Any CPU = Debug|Any CPU
		Release|Any CPU = Release|Any CPU
	EndGlobalSection
	GlobalSection(ProjectConfigurationPlatforms) = postSolution
		{34BD3A96-9C74-48F0-B904-88B135CB7881}.Debug|Any CPU.ActiveCfg = Debug|Any CPU
		{34BD3A96-9C74-48F0-B904-88B135CB7881}.Debug|Any CPU.Build.0 = Debug|Any CPU
		{34BD3A96-9C74-48F0-B904-88B135CB7881}.Release|Any CPU.ActiveCfg = Release|Any CPU
		{34BD3A96-9C74-48F0-B904-88B135CB7881}.Release|Any CPU.Build.0 = Release|Any CPU
		{BFE45665-7501-4BCE-9C4D-9B99C6695E58}.Debug|Any CPU.ActiveCfg = Debug|Any CPU
		{BFE45665-7501-4BCE-9C4D-9B99C6695E58}.Debug|Any CPU.Build.0 = Debug|Any CPU
		{BFE45665-7501-4BCE-9C4D-9B99C6695E58}.Release|Any CPU.ActiveCfg = Release|Any CPU
		{BFE45665-7501-4BCE-9C4D-9B99C6695E58}.Release|Any CPU.Build.0 = Release|Any CPU
		{B2C60E7B-EBB3-4415-8FBA-13E1E0BD1058}.Debug|Any CPU.ActiveCfg = Debug|Any CPU
		{B2C60E7B-EBB3-4415-8FBA-13E1E0BD1058}.Debug|Any CPU.Build.0 = Debug|Any CPU
		{B2C60E7B-EBB3-4415-8FBA-13E1E0BD1058}.Release|Any CPU.ActiveCfg = Release|Any CPU
		{B2C60E7B-EBB3-4415-8FBA-13E1E0BD1058}.Release|Any CPU.Build.0 = Release|Any CPU
	EndGlobalSection
	GlobalSection(SolutionProperties) = preSolution
		HideSolutionNode = FALSE
	EndGlobalSection
	GlobalSection(ExtensibilityGlobals) = postSolution
		SolutionGuid = {404B93BD-1F59-4037-A839-976019295888}
	EndGlobalSection
EndGlobal
